<?xml version="1.0" encoding="utf-8"?>
<Project ToolsVersion="4.0" xmlns="http://schemas.microsoft.com/developer/msbuild/2003">
  <ItemGroup>
    <Filter Include="Исходные файлы">
      <UniqueIdentifier>{4FC737F1-C7A5-4376-A066-2A32D752A2FF}</UniqueIdentifier>
      <Extensions>cpp;c;cc;cxx;c++;cppm;ixx;def;odl;idl;hpj;bat;asm;asmx</Extensions>
    </Filter>
    <Filter Include="Файлы заголовков">
      <UniqueIdentifier>{93995380-89BD-4b04-88EB-625FBE52EBFB}</UniqueIdentifier>
      <Extensions>h;hh;hpp;hxx;h++;hm;inl;inc;ipp;xsd</Extensions>
    </Filter>
    <Filter Include="Файлы ресурсов">
      <UniqueIdentifier>{67DA6AB6-F800-4c08-8B7A-83BB121AAD01}</UniqueIdentifier>
      <Extensions>rc;ico;cur;bmp;dlg;rc2;rct;bin;rgs;gif;jpg;jpeg;jpe;resx;tiff;tif;png;wav;mfcribbon-ms</Extensions>
    </Filter>
  </ItemGroup>
  <ItemGroup>
    <ClCompile Include="..\..\..\tracy\public\TracyClient.cpp">
      <Filter>Исходные файлы</Filter>
    </ClCompile>
    <ClCompile Include="WindowManager.cpp">
      <Filter>Исходные файлы</Filter>
    </ClCompile>
    <ClCompile Include="glad.c">
      <Filter>Исходные файлы</Filter>
    </ClCompile>
    <ClCompile Include="AudioEngine\Decoders\decoder_libs\minimp3.cpp">
      <Filter>Исходные файлы</Filter>
    </ClCompile>
    <ClCompile Include="AudioEngine\Decoders\decoder_libs\stb_vorbis.cpp">
      <Filter>Исходные файлы</Filter>
    </ClCompile>
    <ClCompile Include="AudioEngine\Decoders\IAudioDecoder.cpp">
      <Filter>Исходные файлы</Filter>
    </ClCompile>
    <ClCompile Include="AudioEngine\Decoders\MappedFile.cpp">
      <Filter>Исходные файлы</Filter>
    </ClCompile>
    <ClCompile Include="AudioEngine\Decoders\Mp3Decoder.cpp">
      <Filter>Исходные файлы</Filter>
    </ClCompile>
    <ClCompile Include="AudioEngine\Decoders\OggDecoder.cpp">
      <Filter>Исходные файлы</Filter>
    </ClCompile>
    <ClCompile Include="AudioEngine\Decoders\WavDecoder.cpp">
      <Filter>Исходные файлы</Filter>
    </ClCompile>
    <ClCompile Include="AudioEngine\miniaudio\miniaudio.cpp">
      <Filter>Исходные файлы</Filter>
    </ClCompile>
    <ClCompile Include="AudioEngine\AudioConfig.cpp">
      <Filter>Исходные файлы</Filter>
    </ClCompile>
    <ClCompile Include="AudioEngine\AudioLoader.cpp">
      <Filter>Исходные файлы</Filter>
    </ClCompile>
    <ClCompile Include="AudioEngine\PcmRingBuffer.cpp">
      <Filter>Исходные файлы</Filter>
    </ClCompile>
    <ClCompile Include="AudioEngine\Player.cpp">
      <Filter>Исходные файлы</Filter>
    </ClCompile>
    <ClCompile Include="AudioEngine\ResourceManager.cpp">
      <Filter>Исходные файлы</Filter>
    </ClCompile>
    <ClCompile Include="AudioEngine\SoundData.cpp">
      <Filter>Исходные файлы</Filter>
    </ClCompile>
    <ClCompile Include="Core\Decoding\UTFDecoder.cpp">
      <Filter>Исходные файлы</Filter>
    </ClCompile>
    <ClCompile Include="Core\Hashes\ivec2Hasher.cpp">
      <Filter>Исходные файлы</Filter>
    </ClCompile>
    <ClCompile Include="Core\Hashes\ivec3Hasher.cpp">
      <Filter>Исходные файлы</Filter>
    </ClCompile>
    <ClCompile Include="Core\Multithreading\ProcessingFence.cpp">
      <Filter>Исходные файлы</Filter>
    </ClCompile>
    <ClCompile Include="Core\Multithreading\ThreadPool.cpp">
      <Filter>Исходные файлы</Filter>
    </ClCompile>
    <ClCompile Include="Core\FileLogger.cpp">
      <Filter>Исходные файлы</Filter>
    </ClCompile>
    <ClCompile Include="Core\FileStream.cpp">
      <Filter>Исходные файлы</Filter>
    </ClCompile>
    <ClCompile Include="Core\Random.cpp">
      <Filter>Исходные файлы</Filter>
    </ClCompile>
    <ClCompile Include="Core\StringIndexer.cpp">
      <Filter>Исходные файлы</Filter>
    </ClCompile>
    <ClCompile Include="Core\TimeMeasurer.cpp">
      <Filter>Исходные файлы</Filter>
    </ClCompile>
    <ClCompile Include="Core\TracyPtofiler.cpp">
      <Filter>Исходные файлы</Filter>
    </ClCompile>
    <ClCompile Include="Core\UpdateTimer.cpp">
      <Filter>Исходные файлы</Filter>
    </ClCompile>
    <ClCompile Include="Graphics\Camera3D.cpp">
      <Filter>Исходные файлы</Filter>
    </ClCompile>
    <ClCompile Include="Graphics\DrawCommands.cpp">
      <Filter>Исходные файлы</Filter>
    </ClCompile>
    <ClCompile Include="Graphics\TextRenderer.cpp">
      <Filter>Исходные файлы</Filter>
    </ClCompile>
    <ClCompile Include="Graphics\TextureLoader.cpp">
      <Filter>Исходные файлы</Filter>
    </ClCompile>
    <ClCompile Include="Input\InputManager.cpp">
      <Filter>Исходные файлы</Filter>
    </ClCompile>
    <ClCompile Include="OpenGLWrappers\FrameBuffer.cpp">
      <Filter>Исходные файлы</Filter>
    </ClCompile>
    <ClCompile Include="OpenGLWrappers\ImmutableBuffer.cpp">
      <Filter>Исходные файлы</Filter>
    </ClCompile>
    <ClCompile Include="OpenGLWrappers\Shader.cpp">
      <Filter>Исходные файлы</Filter>
    </ClCompile>
    <ClCompile Include="OpenGLWrappers\Texture.cpp">
      <Filter>Исходные файлы</Filter>
    </ClCompile>
    <ClCompile Include="OpenGLWrappers\VertexArray.cpp">
      <Filter>Исходные файлы</Filter>
    </ClCompile>
    <ClCompile Include="main.cpp">
      <Filter>Исходные файлы</Filter>
    </ClCompile>
    <ClCompile Include="Physics\Simulation.cpp">
      <Filter>Исходные файлы</Filter>
    </ClCompile>
    <ClCompile Include="Physics\SimulationRenderer.cpp">
      <Filter>Исходные файлы</Filter>
    </ClCompile>
  </ItemGroup>
  <ItemGroup>
    <ClInclude Include="WindowManager.h">
      <Filter>Файлы заголовков</Filter>
    </ClInclude>
    <ClInclude Include="AudioEngine\Decoders\decoder_libs\minimp3_impl\minimp3.h">
      <Filter>Файлы заголовков</Filter>
    </ClInclude>
    <ClInclude Include="AudioEngine\Decoders\decoder_libs\minimp3_impl\minimp3_ex.h">
      <Filter>Файлы заголовков</Filter>
    </ClInclude>
    <ClInclude Include="AudioEngine\Decoders\decoder_libs\stb_vorbis_impl\settings.h">
      <Filter>Файлы заголовков</Filter>
    </ClInclude>
    <ClInclude Include="AudioEngine\Decoders\decoder_libs\stb_vorbis_impl\stb_vorbis.h">
      <Filter>Файлы заголовков</Filter>
    </ClInclude>
    <ClInclude Include="AudioEngine\Decoders\decoder_libs\minimp3.h">
      <Filter>Файлы заголовков</Filter>
    </ClInclude>
    <ClInclude Include="AudioEngine\Decoders\decoder_libs\stb_vorbis.h">
      <Filter>Файлы заголовков</Filter>
    </ClInclude>
    <ClInclude Include="AudioEngine\Decoders\IAudioDecoder.h">
      <Filter>Файлы заголовков</Filter>
    </ClInclude>
    <ClInclude Include="AudioEngine\Decoders\MappedFile.h">
      <Filter>Файлы заголовков</Filter>
    </ClInclude>
    <ClInclude Include="AudioEngine\Decoders\Mp3Decoder.h">
      <Filter>Файлы заголовков</Filter>
    </ClInclude>
    <ClInclude Include="AudioEngine\Decoders\OggDecoder.h">
      <Filter>Файлы заголовков</Filter>
    </ClInclude>
    <ClInclude Include="AudioEngine\Decoders\WavDecoder.h">
      <Filter>Файлы заголовков</Filter>
    </ClInclude>
    <ClInclude Include="AudioEngine\miniaudio\impl\header_impl\api_static.h">
      <Filter>Файлы заголовков</Filter>
    </ClInclude>
    <ClInclude Include="AudioEngine\miniaudio\impl\header_impl\attributes.h">
      <Filter>Файлы заголовков</Filter>
    </ClInclude>
    <ClInclude Include="AudioEngine\miniaudio\impl\header_impl\dll.h">
      <Filter>Файлы заголовков</Filter>
    </ClInclude>
    <ClInclude Include="AudioEngine\miniaudio\impl\header_impl\platform_detection.h">
      <Filter>Файлы заголовков</Filter>
    </ClInclude>
    <ClInclude Include="AudioEngine\miniaudio\impl\header_impl\silence_warnings.h">
      <Filter>Файлы заголовков</Filter>
    </ClInclude>
    <ClInclude Include="AudioEngine\miniaudio\impl\header_impl\types.h">
      <Filter>Файлы заголовков</Filter>
    </ClInclude>
    <ClInclude Include="AudioEngine\miniaudio\impl\header_impl\version.h">
      <Filter>Файлы заголовков</Filter>
    </ClInclude>
    <ClInclude Include="AudioEngine\miniaudio\impl\miniaudio_header.h">
      <Filter>Файлы заголовков</Filter>
    </ClInclude>
    <ClInclude Include="AudioEngine\miniaudio\impl\miniaudio_implementation.h">
      <Filter>Файлы заголовков</Filter>
    </ClInclude>
    <ClInclude Include="AudioEngine\miniaudio\miniaudio.h">
      <Filter>Файлы заголовков</Filter>
    </ClInclude>
    <ClInclude Include="AudioEngine\AudioConfig.h">
      <Filter>Файлы заголовков</Filter>
    </ClInclude>
    <ClInclude Include="AudioEngine\AudioLoader.h">
      <Filter>Файлы заголовков</Filter>
    </ClInclude>
    <ClInclude Include="AudioEngine\PcmRingBuffer.h">
      <Filter>Файлы заголовков</Filter>
    </ClInclude>
    <ClInclude Include="AudioEngine\Player.h">
      <Filter>Файлы заголовков</Filter>
    </ClInclude>
    <ClInclude Include="AudioEngine\ResourceManager.h">
      <Filter>Файлы заголовков</Filter>
    </ClInclude>
    <ClInclude Include="AudioEngine\SoundData.h">
      <Filter>Файлы заголовков</Filter>
    </ClInclude>
    <ClInclude Include="AudioEngine\SoundSample.h">
      <Filter>Файлы заголовков</Filter>
    </ClInclude>
    <ClInclude Include="Core\Container\Dequeue.h">
      <Filter>Файлы заголовков</Filter>
    </ClInclude>
    <ClInclude Include="Core\Container\DynamicArray.h">
      <Filter>Файлы заголовков</Filter>
    </ClInclude>
    <ClInclude Include="Core\Container\Queue.h">
      <Filter>Файлы заголовков</Filter>
    </ClInclude>
    <ClInclude Include="Core\Decoding\UTFDecoder.h">
      <Filter>Файлы заголовков</Filter>
    </ClInclude>
    <ClInclude Include="Core\Hashes\ivec2Hasher.h">
      <Filter>Файлы заголовков</Filter>
    </ClInclude>
    <ClInclude Include="Core\Hashes\ivec3Hasher.h">
      <Filter>Файлы заголовков</Filter>
    </ClInclude>
    <ClInclude Include="Core\MemoryAllocation\AlignedStorage.h">
      <Filter>Файлы заголовков</Filter>
    </ClInclude>
    <ClInclude Include="Core\MemoryAllocation\FixedArenaAllocator.h">
      <Filter>Файлы заголовков</Filter>
    </ClInclude>
    <ClInclude Include="Core\MemoryAllocation\FixedArenaObjectPool.h">
      <Filter>Файлы заголовков</Filter>
    </ClInclude>
    <ClInclude Include="Core\Multithreading\move_only_function.h">
      <Filter>Файлы заголовков</Filter>
    </ClInclude>
    <ClInclude Include="Core\Multithreading\ProcessingFence.h">
      <Filter>Файлы заголовков</Filter>
    </ClInclude>
    <ClInclude Include="Core\Multithreading\ThreadPool.h">
      <Filter>Файлы заголовков</Filter>
    </ClInclude>
    <ClInclude Include="Core\Shapes\Box.h">
      <Filter>Файлы заголовков</Filter>
    </ClInclude>
    <ClInclude Include="Core\Shapes\Frustum.h">
      <Filter>Файлы заголовков</Filter>
    </ClInclude>
    <ClInclude Include="Core\Shapes\Plane.h">
      <Filter>Файлы заголовков</Filter>
    </ClInclude>
    <ClInclude Include="Core\Shapes\Shapes.h">
      <Filter>Файлы заголовков</Filter>
    </ClInclude>
    <ClInclude Include="Core\Assert.h">
      <Filter>Файлы заголовков</Filter>
    </ClInclude>
    <ClInclude Include="Core\AtomicBitset.h">
      <Filter>Файлы заголовков</Filter>
    </ClInclude>
    <ClInclude Include="Core\AtomicFlags.h">
      <Filter>Файлы заголовков</Filter>
    </ClInclude>
    <ClInclude Include="Core\Bitset.h">
      <Filter>Файлы заголовков</Filter>
    </ClInclude>
    <ClInclude Include="Core\BlockAllocator.h">
      <Filter>Файлы заголовков</Filter>
    </ClInclude>
    <ClInclude Include="Core\Debug.h">
      <Filter>Файлы заголовков</Filter>
    </ClInclude>
    <ClInclude Include="Core\FileLogger.h">
      <Filter>Файлы заголовков</Filter>
    </ClInclude>
    <ClInclude Include="Core\FileStream.h">
      <Filter>Файлы заголовков</Filter>
    </ClInclude>
    <ClInclude Include="Core\Flags.h">
      <Filter>Файлы заголовков</Filter>
    </ClInclude>
    <ClInclude Include="Core\IdPool.h">
      <Filter>Файлы заголовков</Filter>
    </ClInclude>
    <ClInclude Include="Core\Random.h">
      <Filter>Файлы заголовков</Filter>
    </ClInclude>
    <ClInclude Include="Core\Resource.h">
      <Filter>Файлы заголовков</Filter>
    </ClInclude>
    <ClInclude Include="Core\Simd.h">
      <Filter>Файлы заголовков</Filter>
    </ClInclude>
    <ClInclude Include="Core\StringIndexer.h">
      <Filter>Файлы заголовков</Filter>
    </ClInclude>
    <ClInclude Include="Core\SymmetricBitMatrix.h">
      <Filter>Файлы заголовков</Filter>
    </ClInclude>
    <ClInclude Include="Core\TimeMeasurer.h">
      <Filter>Файлы заголовков</Filter>
    </ClInclude>
    <ClInclude Include="Core\TracyProfiler.h">
      <Filter>Файлы заголовков</Filter>
    </ClInclude>
    <ClInclude Include="Core\Transform.h">
      <Filter>Файлы заголовков</Filter>
    </ClInclude>
    <ClInclude Include="Core\UpdateTimer.h">
      <Filter>Файлы заголовков</Filter>
    </ClInclude>
    <ClInclude Include="Graphics\Camera3D.h">
      <Filter>Файлы заголовков</Filter>
    </ClInclude>
    <ClInclude Include="Graphics\DrawCommands.h">
      <Filter>Файлы заголовков</Filter>
    </ClInclude>
    <ClInclude Include="Graphics\quad_vertices.h">
      <Filter>Файлы заголовков</Filter>
    </ClInclude>
    <ClInclude Include="Graphics\TextRenderer.h">
      <Filter>Файлы заголовков</Filter>
    </ClInclude>
    <ClInclude Include="Graphics\TextureLoader.h">
      <Filter>Файлы заголовков</Filter>
    </ClInclude>
    <ClInclude Include="Input\InputManager.h">
      <Filter>Файлы заголовков</Filter>
    </ClInclude>
    <ClInclude Include="OpenGLWrappers\FrameBuffer.h">
      <Filter>Файлы заголовков</Filter>
    </ClInclude>
    <ClInclude Include="OpenGLWrappers\ImmutableBuffer.h">
      <Filter>Файлы заголовков</Filter>
    </ClInclude>
    <ClInclude Include="OpenGLWrappers\Shader.h">
      <Filter>Файлы заголовков</Filter>
    </ClInclude>
    <ClInclude Include="OpenGLWrappers\Texture.h">
      <Filter>Файлы заголовков</Filter>
    </ClInclude>
    <ClInclude Include="OpenGLWrappers\VertexArray.h">
      <Filter>Файлы заголовков</Filter>
    </ClInclude>
    <ClInclude Include="Physics\Simulation.h">
      <Filter>Файлы заголовков</Filter>
    </ClInclude>
    <ClInclude Include="Physics\Types.h">
      <Filter>Файлы заголовков</Filter>
    </ClInclude>
    <ClInclude Include="Physics\SimulationRenderer.h">
      <Filter>Файлы заголовков</Filter>
    </ClInclude>
  </ItemGroup>
</Project>